
Microsoft Visual Studio Solution File, Format Version 12.00
Project("{FAE04EC0-301F-11D3-BF4B-00C04F79EFBC}") = "TTD", "TTD\TTD.csproj", "{8917B2C4-A8D4-4019-8243-392C98FDF068}"
EndProject
Global
	GlobalSection(SolutionConfigurationPlatforms) = preSolution
		Debug|Any CPU = Debug|Any CPU
		Release|Any CPU = Release|Any CPU
	EndGlobalSection
	GlobalSection(ProjectConfigurationPlatforms) = postSolution
		{8917B2C4-A8D4-4019-8243-392C98FDF068}.Debug|Any CPU.ActiveCfg = Debug|Any CPU
		{8917B2C4-A8D4-4019-8243-392C98FDF068}.Debug|Any CPU.Build.0 = Debug|Any CPU
		{8917B2C4-A8D4-4019-8243-392C98FDF068}.Release|Any CPU.ActiveCfg = Release|Any CPU
		{8917B2C4-A8D4-4019-8243-392C98FDF068}.Release|Any CPU.Build.0 = Release|Any CPU
	EndGlobalSection
EndGlobal
